
Microsoft Visual Studio Solution File, Format Version 12.00
# Visual Studio 15
VisualStudioVersion = 15.0.27703.2000
MinimumVisualStudioVersion = 10.0.40219.1
Project("{FAE04EC0-301F-11D3-BF4B-00C04F79EFBC}") = "Project 9 For 2", "Project 9 For 2\Project 9 For 2.csproj", "{AD653C9C-D6AA-40EB-AB72-225FA74CE72D}"
EndProject
Global
	GlobalSection(SolutionConfigurationPlatforms) = preSolution
		Debug|Any CPU = Debug|Any CPU
		Release|Any CPU = Release|Any CPU
	EndGlobalSection
	GlobalSection(ProjectConfigurationPlatforms) = postSolution
		{AD653C9C-D6AA-40EB-AB72-225FA74CE72D}.Debug|Any CPU.ActiveCfg = Debug|Any CPU
		{AD653C9C-D6AA-40EB-AB72-225FA74CE72D}.Debug|Any CPU.Build.0 = Debug|Any CPU
		{AD653C9C-D6AA-40EB-AB72-225FA74CE72D}.Release|Any CPU.ActiveCfg = Release|Any CPU
		{AD653C9C-D6AA-40EB-AB72-225FA74CE72D}.Release|Any CPU.Build.0 = Release|Any CPU
	EndGlobalSection
	GlobalSection(SolutionProperties) = preSolution
		HideSolutionNode = FALSE
	EndGlobalSection
	GlobalSection(ExtensibilityGlobals) = postSolution
		SolutionGuid = {ECB60801-0FB8-4917-9BFE-ECF30B62ED45}
	EndGlobalSection
EndGlobal
